// !$*UTF8*$!
{
	archiveVersion = 1;
	classes = {
	};
	objectVersion = 46;
	objects = {

/* Begin PBXBuildFile section */
		57DAF1CA1AFA7B2500065328 /* main.m in Sources */ = {isa = PBXBuildFile; fileRef = 57DAF1C91AFA7B2500065328 /* main.m */; };
		57DAF1CD1AFA7B2500065328 /* AppDelegate.m in Sources */ = {isa = PBXBuildFile; fileRef = 57DAF1CC1AFA7B2500065328 /* AppDelegate.m */; };
		57DAF1D01AFA7B2500065328 /* ViewController.m in Sources */ = {isa = PBXBuildFile; fileRef = 57DAF1CF1AFA7B2500065328 /* ViewController.m */; };
		57DAF1D31AFA7B2500065328 /* Main.storyboard in Resources */ = {isa = PBXBuildFile; fileRef = 57DAF1D11AFA7B2500065328 /* Main.storyboard */; };
		57DAF1D51AFA7B2500065328 /* Images.xcassets in Resources */ = {isa = PBXBuildFile; fileRef = 57DAF1D41AFA7B2500065328 /* Images.xcassets */; };
		57DAF1D81AFA7B2500065328 /* LaunchScreen.xib in Resources */ = {isa = PBXBuildFile; fileRef = 57DAF1D61AFA7B2500065328 /* LaunchScreen.xib */; };
		57DAF1E41AFA7B2500065328 /* UBISEcallTests.m in Sources */ = {isa = PBXBuildFile; fileRef = 57DAF1E31AFA7B2500065328 /* UBISEcallTests.m */; };
		57DFE5C31B2EF1A8004CA5CA /* GlobalData.m in Sources */ = {isa = PBXBuildFile; fileRef = 57DFE5C01B2EF1A8004CA5CA /* GlobalData.m */; };
		57E27D731B03A45D000046EA /* 1.wav in Resources */ = {isa = PBXBuildFile; fileRef = 57E27D721B03A45D000046EA /* 1.wav */; };
		97E15FAA1C22C18300D32CB2 /* GlobalDataManager.m in Sources */ = {isa = PBXBuildFile; fileRef = 97E15FA91C22C18300D32CB2 /* GlobalDataManager.m */; };
		97E15FB11C22C19600D32CB2 /* CameraViewController.m in Sources */ = {isa = PBXBuildFile; fileRef = 97E15FAC1C22C19600D32CB2 /* CameraViewController.m */; };
		97E15FB21C22C19600D32CB2 /* Commonutil.m in Sources */ = {isa = PBXBuildFile; fileRef = 97E15FAE1C22C19600D32CB2 /* Commonutil.m */; };
		97E15FB31C22C19600D32CB2 /* ToastAlertView.m in Sources */ = {isa = PBXBuildFile; fileRef = 97E15FB01C22C19600D32CB2 /* ToastAlertView.m */; };
		97E15FB51C22C77400D32CB2 /* SystemConfiguration.framework in Frameworks */ = {isa = PBXBuildFile; fileRef = 97E15FB41C22C77400D32CB2 /* SystemConfiguration.framework */; };
		97E15FB71C22C78000D32CB2 /* UIKit.framework in Frameworks */ = {isa = PBXBuildFile; fileRef = 97E15FB61C22C78000D32CB2 /* UIKit.framework */; };
		97E15FB91C22C78C00D32CB2 /* Foundation.framework in Frameworks */ = {isa = PBXBuildFile; fileRef = 97E15FB81C22C78C00D32CB2 /* Foundation.framework */; };
		97E15FBB1C22C79D00D32CB2 /* CoreGraphics.framework in Frameworks */ = {isa = PBXBuildFile; fileRef = 97E15FBA1C22C79D00D32CB2 /* CoreGraphics.framework */; };
		97E15FBD1C22DC3000D32CB2 /* AudioToolbox.framework in Frameworks */ = {isa = PBXBuildFile; fileRef = 97E15FBC1C22DC3000D32CB2 /* AudioToolbox.framework */; };
		BA0813251B3CE91C002E84B8 /* 2.wav in Resources */ = {isa = PBXBuildFile; fileRef = BA0813241B3CE91C002E84B8 /* 2.wav */; };
		BAAFA5AB1B012E63006C3185 /* sound.wav in Resources */ = {isa = PBXBuildFile; fileRef = BAAFA5AA1B012E63006C3185 /* sound.wav */; };
		BAF22CA21B0052EF0019A333 /* CAllServer.m in Sources */ = {isa = PBXBuildFile; fileRef = BAF22CA11B0052EF0019A333 /* CAllServer.m */; };
		BAF22CA51B00588C0019A333 /* DwfmsSegue.m in Sources */ = {isa = PBXBuildFile; fileRef = BAF22CA41B00588C0019A333 /* DwfmsSegue.m */; };
		BAF22CA71B0058950019A333 /* authViewController.m in Sources */ = {isa = PBXBuildFile; fileRef = BAF22CA61B0058950019A333 /* authViewController.m */; };
		BAF3CAB01B005EFD00DD62C3 /* ic_launcher.png in Resources */ = {isa = PBXBuildFile; fileRef = BAF3CAAF1B005EFD00DD62C3 /* ic_launcher.png */; };
		BAF3CAB21B005F4200DD62C3 /* ic_launcher-web.png in Resources */ = {isa = PBXBuildFile; fileRef = BAF3CAB11B005F4200DD62C3 /* ic_launcher-web.png */; };
		BAF3CAB41B00DD1700DD62C3 /* Icon.png in Resources */ = {isa = PBXBuildFile; fileRef = BAF3CAB31B00DD1700DD62C3 /* Icon.png */; };
/* End PBXBuildFile section */

/* Begin PBXContainerItemProxy section */
		57DAF1DE1AFA7B2500065328 /* PBXContainerItemProxy */ = {
			isa = PBXContainerItemProxy;
			containerPortal = 57DAF1BC1AFA7B2500065328 /* Project object */;
			proxyType = 1;
			remoteGlobalIDString = 57DAF1C31AFA7B2500065328;
			remoteInfo = UBISEcall;
		};
/* End PBXContainerItemProxy section */

/* Begin PBXFileReference section */
		57DAF1C41AFA7B2500065328 /* UBISEcall.app */ = {isa = PBXFileReference; explicitFileType = wrapper.application; includeInIndex = 0; path = UBISEcall.app; sourceTree = BUILT_PRODUCTS_DIR; };
		57DAF1C81AFA7B2500065328 /* Info.plist */ = {isa = PBXFileReference; lastKnownFileType = text.plist.xml; path = Info.plist; sourceTree = "<group>"; };
		57DAF1C91AFA7B2500065328 /* main.m */ = {isa = PBXFileReference; lastKnownFileType = sourcecode.c.objc; path = main.m; sourceTree = "<group>"; };
		57DAF1CB1AFA7B2500065328 /* AppDelegate.h */ = {isa = PBXFileReference; lastKnownFileType = sourcecode.c.h; path = AppDelegate.h; sourceTree = "<group>"; };
		57DAF1CC1AFA7B2500065328 /* AppDelegate.m */ = {isa = PBXFileReference; lastKnownFileType = sourcecode.c.objc; path = AppDelegate.m; sourceTree = "<group>"; };
		57DAF1CE1AFA7B2500065328 /* ViewController.h */ = {isa = PBXFileReference; lastKnownFileType = sourcecode.c.h; path = ViewController.h; sourceTree = "<group>"; };
		57DAF1CF1AFA7B2500065328 /* ViewController.m */ = {isa = PBXFileReference; lastKnownFileType = sourcecode.c.objc; path = ViewController.m; sourceTree = "<group>"; };
		57DAF1D21AFA7B2500065328 /* Base */ = {isa = PBXFileReference; lastKnownFileType = file.storyboard; name = Base; path = Base.lproj/Main.storyboard; sourceTree = "<group>"; };
		57DAF1D41AFA7B2500065328 /* Images.xcassets */ = {isa = PBXFileReference; lastKnownFileType = folder.assetcatalog; path = Images.xcassets; sourceTree = "<group>"; };
		57DAF1D71AFA7B2500065328 /* Base */ = {isa = PBXFileReference; lastKnownFileType = file.xib; name = Base; path = Base.lproj/LaunchScreen.xib; sourceTree = "<group>"; };
		57DAF1DD1AFA7B2500065328 /* UBISEcallTests.xctest */ = {isa = PBXFileReference; explicitFileType = wrapper.cfbundle; includeInIndex = 0; path = UBISEcallTests.xctest; sourceTree = BUILT_PRODUCTS_DIR; };
		57DAF1E21AFA7B2500065328 /* Info.plist */ = {isa = PBXFileReference; lastKnownFileType = text.plist.xml; path = Info.plist; sourceTree = "<group>"; };
		57DAF1E31AFA7B2500065328 /* UBISEcallTests.m */ = {isa = PBXFileReference; lastKnownFileType = sourcecode.c.objc; path = UBISEcallTests.m; sourceTree = "<group>"; };
		57DFE5BF1B2EF1A8004CA5CA /* GlobalData.h */ = {isa = PBXFileReference; fileEncoding = 4; lastKnownFileType = sourcecode.c.h; path = GlobalData.h; sourceTree = "<group>"; };
		57DFE5C01B2EF1A8004CA5CA /* GlobalData.m */ = {isa = PBXFileReference; fileEncoding = 4; lastKnownFileType = sourcecode.c.objc; path = GlobalData.m; sourceTree = "<group>"; };
		57E27D721B03A45D000046EA /* 1.wav */ = {isa = PBXFileReference; lastKnownFileType = audio.wav; path = 1.wav; sourceTree = "<group>"; };
		97E15FA81C22C18300D32CB2 /* GlobalDataManager.h */ = {isa = PBXFileReference; fileEncoding = 4; lastKnownFileType = sourcecode.c.h; path = GlobalDataManager.h; sourceTree = "<group>"; };
		97E15FA91C22C18300D32CB2 /* GlobalDataManager.m */ = {isa = PBXFileReference; fileEncoding = 4; lastKnownFileType = sourcecode.c.objc; path = GlobalDataManager.m; sourceTree = "<group>"; };
		97E15FAB1C22C19600D32CB2 /* CameraViewController.h */ = {isa = PBXFileReference; fileEncoding = 4; lastKnownFileType = sourcecode.c.h; path = CameraViewController.h; sourceTree = "<group>"; };
		97E15FAC1C22C19600D32CB2 /* CameraViewController.m */ = {isa = PBXFileReference; fileEncoding = 4; lastKnownFileType = sourcecode.c.objc; path = CameraViewController.m; sourceTree = "<group>"; };
		97E15FAD1C22C19600D32CB2 /* Commonutil.h */ = {isa = PBXFileReference; fileEncoding = 4; lastKnownFileType = sourcecode.c.h; path = Commonutil.h; sourceTree = "<group>"; };
		97E15FAE1C22C19600D32CB2 /* Commonutil.m */ = {isa = PBXFileReference; fileEncoding = 4; lastKnownFileType = sourcecode.c.objc; path = Commonutil.m; sourceTree = "<group>"; };
		97E15FAF1C22C19600D32CB2 /* ToastAlertView.h */ = {isa = PBXFileReference; fileEncoding = 4; lastKnownFileType = sourcecode.c.h; path = ToastAlertView.h; sourceTree = "<group>"; };
		97E15FB01C22C19600D32CB2 /* ToastAlertView.m */ = {isa = PBXFileReference; fileEncoding = 4; lastKnownFileType = sourcecode.c.objc; path = ToastAlertView.m; sourceTree = "<group>"; };
		97E15FB41C22C77400D32CB2 /* SystemConfiguration.framework */ = {isa = PBXFileReference; lastKnownFileType = wrapper.framework; name = SystemConfiguration.framework; path = System/Library/Frameworks/SystemConfiguration.framework; sourceTree = SDKROOT; };
		97E15FB61C22C78000D32CB2 /* UIKit.framework */ = {isa = PBXFileReference; lastKnownFileType = wrapper.framework; name = UIKit.framework; path = System/Library/Frameworks/UIKit.framework; sourceTree = SDKROOT; };
		97E15FB81C22C78C00D32CB2 /* Foundation.framework */ = {isa = PBXFileReference; lastKnownFileType = wrapper.framework; name = Foundation.framework; path = System/Library/Frameworks/Foundation.framework; sourceTree = SDKROOT; };
		97E15FBA1C22C79D00D32CB2 /* CoreGraphics.framework */ = {isa = PBXFileReference; lastKnownFileType = wrapper.framework; name = CoreGraphics.framework; path = System/Library/Frameworks/CoreGraphics.framework; sourceTree = SDKROOT; };
		97E15FBC1C22DC3000D32CB2 /* AudioToolbox.framework */ = {isa = PBXFileReference; lastKnownFileType = wrapper.framework; name = AudioToolbox.framework; path = System/Library/Frameworks/AudioToolbox.framework; sourceTree = SDKROOT; };
		BA0813241B3CE91C002E84B8 /* 2.wav */ = {isa = PBXFileReference; lastKnownFileType = audio.wav; path = 2.wav; sourceTree = "<group>"; };
		BAAFA5AA1B012E63006C3185 /* sound.wav */ = {isa = PBXFileReference; lastKnownFileType = audio.wav; path = sound.wav; sourceTree = "<group>"; };
		BAF22CA01B0052E20019A333 /* CAllServer.h */ = {isa = PBXFileReference; fileEncoding = 4; lastKnownFileType = sourcecode.c.h; path = CAllServer.h; sourceTree = "<group>"; };
		BAF22CA11B0052EF0019A333 /* CAllServer.m */ = {isa = PBXFileReference; fileEncoding = 4; lastKnownFileType = sourcecode.c.objc; path = CAllServer.m; sourceTree = "<group>"; };
		BAF22CA31B0058850019A333 /* DwfmsSegue.h */ = {isa = PBXFileReference; fileEncoding = 4; lastKnownFileType = sourcecode.c.h; path = DwfmsSegue.h; sourceTree = "<group>"; };
		BAF22CA41B00588C0019A333 /* DwfmsSegue.m */ = {isa = PBXFileReference; fileEncoding = 4; lastKnownFileType = sourcecode.c.objc; path = DwfmsSegue.m; sourceTree = "<group>"; };
		BAF22CA61B0058950019A333 /* authViewController.m */ = {isa = PBXFileReference; fileEncoding = 4; lastKnownFileType = sourcecode.c.objc; path = authViewController.m; sourceTree = "<group>"; };
		BAF22CA81B00589E0019A333 /* authViewController.h */ = {isa = PBXFileReference; fileEncoding = 4; lastKnownFileType = sourcecode.c.h; path = authViewController.h; sourceTree = "<group>"; };
		BAF3CAAF1B005EFD00DD62C3 /* ic_launcher.png */ = {isa = PBXFileReference; lastKnownFileType = image.png; path = ic_launcher.png; sourceTree = "<group>"; };
		BAF3CAB11B005F4200DD62C3 /* ic_launcher-web.png */ = {isa = PBXFileReference; lastKnownFileType = image.png; path = "ic_launcher-web.png"; sourceTree = "<group>"; };
		BAF3CAB31B00DD1700DD62C3 /* Icon.png */ = {isa = PBXFileReference; lastKnownFileType = image.png; path = Icon.png; sourceTree = "<group>"; };
/* End PBXFileReference section */

/* Begin PBXFrameworksBuildPhase section */
		57DAF1C11AFA7B2500065328 /* Frameworks */ = {
			isa = PBXFrameworksBuildPhase;
			buildActionMask = 2147483647;
			files = (
				97E15FBD1C22DC3000D32CB2 /* AudioToolbox.framework in Frameworks */,
				97E15FBB1C22C79D00D32CB2 /* CoreGraphics.framework in Frameworks */,
				97E15FB91C22C78C00D32CB2 /* Foundation.framework in Frameworks */,
				97E15FB71C22C78000D32CB2 /* UIKit.framework in Frameworks */,
				97E15FB51C22C77400D32CB2 /* SystemConfiguration.framework in Frameworks */,
			);
			runOnlyForDeploymentPostprocessing = 0;
		};
		57DAF1DA1AFA7B2500065328 /* Frameworks */ = {
			isa = PBXFrameworksBuildPhase;
			buildActionMask = 2147483647;
			files = (
			);
			runOnlyForDeploymentPostprocessing = 0;
		};
/* End PBXFrameworksBuildPhase section */

/* Begin PBXGroup section */
		57DAF1BB1AFA7B2500065328 = {
			isa = PBXGroup;
			children = (
				97E15FBC1C22DC3000D32CB2 /* AudioToolbox.framework */,
				97E15FBA1C22C79D00D32CB2 /* CoreGraphics.framework */,
				97E15FB81C22C78C00D32CB2 /* Foundation.framework */,
				97E15FB61C22C78000D32CB2 /* UIKit.framework */,
				97E15FB41C22C77400D32CB2 /* SystemConfiguration.framework */,
				57DAF1C61AFA7B2500065328 /* UBISEcall */,
				57DAF1E01AFA7B2500065328 /* UBISEcallTests */,
				57DAF1C51AFA7B2500065328 /* Products */,
			);
			sourceTree = "<group>";
		};
		57DAF1C51AFA7B2500065328 /* Products */ = {
			isa = PBXGroup;
			children = (
				57DAF1C41AFA7B2500065328 /* UBISEcall.app */,
				57DAF1DD1AFA7B2500065328 /* UBISEcallTests.xctest */,
			);
			name = Products;
			sourceTree = "<group>";
		};
		57DAF1C61AFA7B2500065328 /* UBISEcall */ = {
			isa = PBXGroup;
			children = (
				BAAFA5A91B012E41006C3185 /* resource */,
				BAF3CAAC1B005E2F00DD62C3 /* image */,
				BAF22CA81B00589E0019A333 /* authViewController.h */,
				BAF22CA61B0058950019A333 /* authViewController.m */,
				BAF22CA41B00588C0019A333 /* DwfmsSegue.m */,
				BAF22CA31B0058850019A333 /* DwfmsSegue.h */,
				BAF22CA11B0052EF0019A333 /* CAllServer.m */,
				BAF22CA01B0052E20019A333 /* CAllServer.h */,
				57DAF1CB1AFA7B2500065328 /* AppDelegate.h */,
				57DAF1CC1AFA7B2500065328 /* AppDelegate.m */,
				57DAF1CE1AFA7B2500065328 /* ViewController.h */,
				57DAF1CF1AFA7B2500065328 /* ViewController.m */,
				57DAF1D11AFA7B2500065328 /* Main.storyboard */,
				57DAF1D41AFA7B2500065328 /* Images.xcassets */,
				57DAF1D61AFA7B2500065328 /* LaunchScreen.xib */,
				57DFE5BF1B2EF1A8004CA5CA /* GlobalData.h */,
				57DFE5C01B2EF1A8004CA5CA /* GlobalData.m */,
				97E15FA81C22C18300D32CB2 /* GlobalDataManager.h */,
				97E15FA91C22C18300D32CB2 /* GlobalDataManager.m */,
				97E15FAB1C22C19600D32CB2 /* CameraViewController.h */,
				97E15FAC1C22C19600D32CB2 /* CameraViewController.m */,
				97E15FAD1C22C19600D32CB2 /* Commonutil.h */,
				97E15FAE1C22C19600D32CB2 /* Commonutil.m */,
				97E15FAF1C22C19600D32CB2 /* ToastAlertView.h */,
				97E15FB01C22C19600D32CB2 /* ToastAlertView.m */,
				57DAF1C71AFA7B2500065328 /* Supporting Files */,
			);
			path = UBISEcall;
			sourceTree = "<group>";
		};
		57DAF1C71AFA7B2500065328 /* Supporting Files */ = {
			isa = PBXGroup;
			children = (
				57DAF1C81AFA7B2500065328 /* Info.plist */,
				57DAF1C91AFA7B2500065328 /* main.m */,
			);
			name = "Supporting Files";
			sourceTree = "<group>";
		};
		57DAF1E01AFA7B2500065328 /* UBISEcallTests */ = {
			isa = PBXGroup;
			children = (
				57DAF1E31AFA7B2500065328 /* UBISEcallTests.m */,
				57DAF1E11AFA7B2500065328 /* Supporting Files */,
			);
			path = UBISEcallTests;
			sourceTree = "<group>";
		};
		57DAF1E11AFA7B2500065328 /* Supporting Files */ = {
			isa = PBXGroup;
			children = (
				57DAF1E21AFA7B2500065328 /* Info.plist */,
			);
			name = "Supporting Files";
			sourceTree = "<group>";
		};
		BAAFA5A91B012E41006C3185 /* resource */ = {
			isa = PBXGroup;
			children = (
				BA0813241B3CE91C002E84B8 /* 2.wav */,
				57E27D721B03A45D000046EA /* 1.wav */,
				BAAFA5AA1B012E63006C3185 /* sound.wav */,
			);
			name = resource;
			sourceTree = "<group>";
		};
		BAF3CAAC1B005E2F00DD62C3 /* image */ = {
			isa = PBXGroup;
			children = (
				BAF3CAB31B00DD1700DD62C3 /* Icon.png */,
				BAF3CAB11B005F4200DD62C3 /* ic_launcher-web.png */,
				BAF3CAAF1B005EFD00DD62C3 /* ic_launcher.png */,
			);
			name = image;
			sourceTree = "<group>";
		};
/* End PBXGroup section */

/* Begin PBXNativeTarget section */
		57DAF1C31AFA7B2500065328 /* UBISEcall */ = {
			isa = PBXNativeTarget;
			buildConfigurationList = 57DAF1E71AFA7B2500065328 /* Build configuration list for PBXNativeTarget "UBISEcall" */;
			buildPhases = (
				57DAF1C01AFA7B2500065328 /* Sources */,
				57DAF1C11AFA7B2500065328 /* Frameworks */,
				57DAF1C21AFA7B2500065328 /* Resources */,
			);
			buildRules = (
			);
			dependencies = (
			);
			name = UBISEcall;
			productName = UBISEcall;
			productReference = 57DAF1C41AFA7B2500065328 /* UBISEcall.app */;
			productType = "com.apple.product-type.application";
		};
		57DAF1DC1AFA7B2500065328 /* UBISEcallTests */ = {
			isa = PBXNativeTarget;
			buildConfigurationList = 57DAF1EA1AFA7B2500065328 /* Build configuration list for PBXNativeTarget "UBISEcallTests" */;
			buildPhases = (
				57DAF1D91AFA7B2500065328 /* Sources */,
				57DAF1DA1AFA7B2500065328 /* Frameworks */,
				57DAF1DB1AFA7B2500065328 /* Resources */,
			);
			buildRules = (
			);
			dependencies = (
				57DAF1DF1AFA7B2500065328 /* PBXTargetDependency */,
			);
			name = UBISEcallTests;
			productName = UBISEcallTests;
			productReference = 57DAF1DD1AFA7B2500065328 /* UBISEcallTests.xctest */;
			productType = "com.apple.product-type.bundle.unit-test";
		};
/* End PBXNativeTarget section */

/* Begin PBXProject section */
		57DAF1BC1AFA7B2500065328 /* Project object */ = {
			isa = PBXProject;
			attributes = {
				LastUpgradeCheck = 0630;
				ORGANIZATIONNAME = "youngseok Kim";
				TargetAttributes = {
					57DAF1C31AFA7B2500065328 = {
						CreatedOnToolsVersion = 6.3.1;
						DevelopmentTeam = 4P28E7RU57;
					};
					57DAF1DC1AFA7B2500065328 = {
						CreatedOnToolsVersion = 6.3.1;
						TestTargetID = 57DAF1C31AFA7B2500065328;
					};
				};
			};
			buildConfigurationList = 57DAF1BF1AFA7B2500065328 /* Build configuration list for PBXProject "UBISEcall" */;
			compatibilityVersion = "Xcode 3.2";
			developmentRegion = English;
			hasScannedForEncodings = 0;
			knownRegions = (
				en,
				Base,
			);
			mainGroup = 57DAF1BB1AFA7B2500065328;
			productRefGroup = 57DAF1C51AFA7B2500065328 /* Products */;
			projectDirPath = "";
			projectRoot = "";
			targets = (
				57DAF1C31AFA7B2500065328 /* UBISEcall */,
				57DAF1DC1AFA7B2500065328 /* UBISEcallTests */,
			);
		};
/* End PBXProject section */

/* Begin PBXResourcesBuildPhase section */
		57DAF1C21AFA7B2500065328 /* Resources */ = {
			isa = PBXResourcesBuildPhase;
			buildActionMask = 2147483647;
			files = (
				BAF3CAB41B00DD1700DD62C3 /* Icon.png in Resources */,
				57DAF1D31AFA7B2500065328 /* Main.storyboard in Resources */,
				57DAF1D81AFA7B2500065328 /* LaunchScreen.xib in Resources */,
				57DAF1D51AFA7B2500065328 /* Images.xcassets in Resources */,
				BAF3CAB21B005F4200DD62C3 /* ic_launcher-web.png in Resources */,
				57E27D731B03A45D000046EA /* 1.wav in Resources */,
				BA0813251B3CE91C002E84B8 /* 2.wav in Resources */,
				BAAFA5AB1B012E63006C3185 /* sound.wav in Resources */,
				BAF3CAB01B005EFD00DD62C3 /* ic_launcher.png in Resources */,
			);
			runOnlyForDeploymentPostprocessing = 0;
		};
		57DAF1DB1AFA7B2500065328 /* Resources */ = {
			isa = PBXResourcesBuildPhase;
			buildActionMask = 2147483647;
			files = (
			);
			runOnlyForDeploymentPostprocessing = 0;
		};
/* End PBXResourcesBuildPhase section */

/* Begin PBXSourcesBuildPhase section */
		57DAF1C01AFA7B2500065328 /* Sources */ = {
			isa = PBXSourcesBuildPhase;
			buildActionMask = 2147483647;
			files = (
				97E15FB21C22C19600D32CB2 /* Commonutil.m in Sources */,
				57DFE5C31B2EF1A8004CA5CA /* GlobalData.m in Sources */,
				57DAF1D01AFA7B2500065328 /* ViewController.m in Sources */,
				BAF22CA51B00588C0019A333 /* DwfmsSegue.m in Sources */,
				57DAF1CD1AFA7B2500065328 /* AppDelegate.m in Sources */,
				97E15FAA1C22C18300D32CB2 /* GlobalDataManager.m in Sources */,
				BAF22CA21B0052EF0019A333 /* CAllServer.m in Sources */,
				97E15FB31C22C19600D32CB2 /* ToastAlertView.m in Sources */,
				97E15FB11C22C19600D32CB2 /* CameraViewController.m in Sources */,
				BAF22CA71B0058950019A333 /* authViewController.m in Sources */,
				57DAF1CA1AFA7B2500065328 /* main.m in Sources */,
			);
			runOnlyForDeploymentPostprocessing = 0;
		};
		57DAF1D91AFA7B2500065328 /* Sources */ = {
			isa = PBXSourcesBuildPhase;
			buildActionMask = 2147483647;
			files = (
				57DAF1E41AFA7B2500065328 /* UBISEcallTests.m in Sources */,
			);
			runOnlyForDeploymentPostprocessing = 0;
		};
/* End PBXSourcesBuildPhase section */

/* Begin PBXTargetDependency section */
		57DAF1DF1AFA7B2500065328 /* PBXTargetDependency */ = {
			isa = PBXTargetDependency;
			target = 57DAF1C31AFA7B2500065328 /* UBISEcall */;
			targetProxy = 57DAF1DE1AFA7B2500065328 /* PBXContainerItemProxy */;
		};
/* End PBXTargetDependency section */

/* Begin PBXVariantGroup section */
		57DAF1D11AFA7B2500065328 /* Main.storyboard */ = {
			isa = PBXVariantGroup;
			children = (
				57DAF1D21AFA7B2500065328 /* Base */,
			);
			name = Main.storyboard;
			sourceTree = "<group>";
		};
		57DAF1D61AFA7B2500065328 /* LaunchScreen.xib */ = {
			isa = PBXVariantGroup;
			children = (
				57DAF1D71AFA7B2500065328 /* Base */,
			);
			name = LaunchScreen.xib;
			sourceTree = "<group>";
		};
/* End PBXVariantGroup section */

/* Begin XCBuildConfiguration section */
		57DAF1E51AFA7B2500065328 /* Debug */ = {
			isa = XCBuildConfiguration;
			buildSettings = {
				ALWAYS_SEARCH_USER_PATHS = NO;
				CLANG_CXX_LANGUAGE_STANDARD = "gnu++0x";
				CLANG_CXX_LIBRARY = "libc++";
				CLANG_ENABLE_MODULES = YES;
				CLANG_ENABLE_OBJC_ARC = YES;
				CLANG_WARN_BOOL_CONVERSION = YES;
				CLANG_WARN_CONSTANT_CONVERSION = YES;
				CLANG_WARN_DIRECT_OBJC_ISA_USAGE = YES_ERROR;
				CLANG_WARN_EMPTY_BODY = YES;
				CLANG_WARN_ENUM_CONVERSION = YES;
				CLANG_WARN_INT_CONVERSION = YES;
				CLANG_WARN_OBJC_ROOT_CLASS = YES_ERROR;
				CLANG_WARN_UNREACHABLE_CODE = YES;
				CLANG_WARN__DUPLICATE_METHOD_MATCH = YES;
				"CODE_SIGN_IDENTITY[sdk=iphoneos*]" = "iPhone Developer";
				COPY_PHASE_STRIP = NO;
				DEBUG_INFORMATION_FORMAT = "dwarf-with-dsym";
				ENABLE_STRICT_OBJC_MSGSEND = YES;
				GCC_C_LANGUAGE_STANDARD = gnu99;
				GCC_DYNAMIC_NO_PIC = NO;
				GCC_NO_COMMON_BLOCKS = YES;
				GCC_OPTIMIZATION_LEVEL = 0;
				GCC_PREPROCESSOR_DEFINITIONS = (
					"DEBUG=1",
					"$(inherited)",
				);
				GCC_SYMBOLS_PRIVATE_EXTERN = NO;
				GCC_WARN_64_TO_32_BIT_CONVERSION = YES;
				GCC_WARN_ABOUT_RETURN_TYPE = YES_ERROR;
				GCC_WARN_UNDECLARED_SELECTOR = YES;
				GCC_WARN_UNINITIALIZED_AUTOS = YES_AGGRESSIVE;
				GCC_WARN_UNUSED_FUNCTION = YES;
				GCC_WARN_UNUSED_VARIABLE = YES;
				IPHONEOS_DEPLOYMENT_TARGET = 8.3;
				MTL_ENABLE_DEBUG_INFO = YES;
				ONLY_ACTIVE_ARCH = YES;
				SDKROOT = iphoneos;
			};
			name = Debug;
		};
		57DAF1E61AFA7B2500065328 /* Release */ = {
			isa = XCBuildConfiguration;
			buildSettings = {
				ALWAYS_SEARCH_USER_PATHS = NO;
				CLANG_CXX_LANGUAGE_STANDARD = "gnu++0x";
				CLANG_CXX_LIBRARY = "libc++";
				CLANG_ENABLE_MODULES = YES;
				CLANG_ENABLE_OBJC_ARC = YES;
				CLANG_WARN_BOOL_CONVERSION = YES;
				CLANG_WARN_CONSTANT_CONVERSION = YES;
				CLANG_WARN_DIRECT_OBJC_ISA_USAGE = YES_ERROR;
				CLANG_WARN_EMPTY_BODY = YES;
				CLANG_WARN_ENUM_CONVERSION = YES;
				CLANG_WARN_INT_CONVERSION = YES;
				CLANG_WARN_OBJC_ROOT_CLASS = YES_ERROR;
				CLANG_WARN_UNREACHABLE_CODE = YES;
				CLANG_WARN__DUPLICATE_METHOD_MATCH = YES;
				"CODE_SIGN_IDENTITY[sdk=iphoneos*]" = "iPhone Developer";
				COPY_PHASE_STRIP = NO;
				DEBUG_INFORMATION_FORMAT = "dwarf-with-dsym";
				ENABLE_NS_ASSERTIONS = NO;
				ENABLE_STRICT_OBJC_MSGSEND = YES;
				GCC_C_LANGUAGE_STANDARD = gnu99;
				GCC_NO_COMMON_BLOCKS = YES;
				GCC_WARN_64_TO_32_BIT_CONVERSION = YES;
				GCC_WARN_ABOUT_RETURN_TYPE = YES_ERROR;
				GCC_WARN_UNDECLARED_SELECTOR = YES;
				GCC_WARN_UNINITIALIZED_AUTOS = YES_AGGRESSIVE;
				GCC_WARN_UNUSED_FUNCTION = YES;
				GCC_WARN_UNUSED_VARIABLE = YES;
				IPHONEOS_DEPLOYMENT_TARGET = 8.3;
				MTL_ENABLE_DEBUG_INFO = NO;
				SDKROOT = iphoneos;
				VALIDATE_PRODUCT = YES;
			};
			name = Release;
		};
		57DAF1E81AFA7B2500065328 /* Debug */ = {
			isa = XCBuildConfiguration;
			buildSettings = {
				CODE_SIGN_IDENTITY = "iPhone Developer";
				"CODE_SIGN_IDENTITY[sdk=iphoneos*]" = "iPhone Developer";
				INFOPLIST_FILE = UBISEcall/Info.plist;
				IPHONEOS_DEPLOYMENT_TARGET = 7.1;
				LD_RUNPATH_SEARCH_PATHS = "$(inherited) @executable_path/Frameworks";
				PRODUCT_NAME = "$(TARGET_NAME)";
				PROVISIONING_PROFILE = "";
			};
			name = Debug;
		};
		57DAF1E91AFA7B2500065328 /* Release */ = {
			isa = XCBuildConfiguration;
			buildSettings = {
				CODE_SIGN_IDENTITY = "iPhone Developer";
				"CODE_SIGN_IDENTITY[sdk=iphoneos*]" = "iPhone Developer";
				INFOPLIST_FILE = UBISEcall/Info.plist;
				IPHONEOS_DEPLOYMENT_TARGET = 7.1;
				LD_RUNPATH_SEARCH_PATHS = "$(inherited) @executable_path/Frameworks";
				PRODUCT_NAME = "$(TARGET_NAME)";
				PROVISIONING_PROFILE = "";
			};
			name = Release;
		};
		57DAF1EB1AFA7B2500065328 /* Debug */ = {
			isa = XCBuildConfiguration;
			buildSettings = {
				BUNDLE_LOADER = "$(TEST_HOST)";
				FRAMEWORK_SEARCH_PATHS = (
					"$(SDKROOT)/Developer/Library/Frameworks",
					"$(inherited)",
				);
				GCC_PREPROCESSOR_DEFINITIONS = (
					"DEBUG=1",
					"$(inherited)",
				);
				INFOPLIST_FILE = UBISEcallTests/Info.plist;
				LD_RUNPATH_SEARCH_PATHS = "$(inherited) @executable_path/Frameworks @loader_path/Frameworks";
				PRODUCT_NAME = "$(TARGET_NAME)";
				TEST_HOST = "$(BUILT_PRODUCTS_DIR)/UBISEcall.app/UBISEcall";
			};
			name = Debug;
		};
		57DAF1EC1AFA7B2500065328 /* Release */ = {
			isa = XCBuildConfiguration;
			buildSettings = {
				BUNDLE_LOADER = "$(TEST_HOST)";
				FRAMEWORK_SEARCH_PATHS = (
					"$(SDKROOT)/Developer/Library/Frameworks",
					"$(inherited)",
				);
				INFOPLIST_FILE = UBISEcallTests/Info.plist;
				LD_RUNPATH_SEARCH_PATHS = "$(inherited) @executable_path/Frameworks @loader_path/Frameworks";
				PRODUCT_NAME = "$(TARGET_NAME)";
				TEST_HOST = "$(BUILT_PRODUCTS_DIR)/UBISEcall.app/UBISEcall";
			};
			name = Release;
		};
/* End XCBuildConfiguration section */

/* Begin XCConfigurationList section */
		57DAF1BF1AFA7B2500065328 /* Build configuration list for PBXProject "UBISEcall" */ = {
			isa = XCConfigurationList;
			buildConfigurations = (
				57DAF1E51AFA7B2500065328 /* Debug */,
				57DAF1E61AFA7B2500065328 /* Release */,
			);
			defaultConfigurationIsVisible = 0;
			defaultConfigurationName = Release;
		};
		57DAF1E71AFA7B2500065328 /* Build configuration list for PBXNativeTarget "UBISEcall" */ = {
			isa = XCConfigurationList;
			buildConfigurations = (
				57DAF1E81AFA7B2500065328 /* Debug */,
				57DAF1E91AFA7B2500065328 /* Release */,
			);
			defaultConfigurationIsVisible = 0;
			defaultConfigurationName = Release;
		};
		57DAF1EA1AFA7B2500065328 /* Build configuration list for PBXNativeTarget "UBISEcallTests" */ = {
			isa = XCConfigurationList;
			buildConfigurations = (
				57DAF1EB1AFA7B2500065328 /* Debug */,
				57DAF1EC1AFA7B2500065328 /* Release */,
			);
			defaultConfigurationIsVisible = 0;
			defaultConfigurationName = Release;
		};
/* End XCConfigurationList section */
	};
	rootObject = 57DAF1BC1AFA7B2500065328 /* Project object */;
}
